
Microsoft Visual Studio Solution File, Format Version 12.00
# Visual Studio Version 16
VisualStudioVersion = 16.0.32802.440
MinimumVisualStudioVersion = 10.0.40219.1
Project("{FAE04EC0-301F-11D3-BF4B-00C04F79EFBC}") = "BookStore", "BookStore\BookStore.csproj", "{D78A84F9-8D61-48DE-83AA-286C6C394671}"
EndProject
Global
	GlobalSection(SolutionConfigurationPlatforms) = preSolution
		Debug|Any CPU = Debug|Any CPU
		Release|Any CPU = Release|Any CPU
	EndGlobalSection
	GlobalSection(ProjectConfigurationPlatforms) = postSolution
		{D78A84F9-8D61-48DE-83AA-286C6C394671}.Debug|Any CPU.ActiveCfg = Debug|Any CPU
		{D78A84F9-8D61-48DE-83AA-286C6C394671}.Debug|Any CPU.Build.0 = Debug|Any CPU
		{D78A84F9-8D61-48DE-83AA-286C6C394671}.Release|Any CPU.ActiveCfg = Release|Any CPU
		{D78A84F9-8D61-48DE-83AA-286C6C394671}.Release|Any CPU.Build.0 = Release|Any CPU
	EndGlobalSection
	GlobalSection(SolutionProperties) = preSolution
		HideSolutionNode = FALSE
	EndGlobalSection
	GlobalSection(ExtensibilityGlobals) = postSolution
		SolutionGuid = {B2540E0A-047E-4CD7-8392-9E3579AB3F90}
	EndGlobalSection
EndGlobal
